
Microsoft Visual Studio Solution File, Format Version 12.00
# Visual Studio Version 17
VisualStudioVersion = 17.11.35327.3
MinimumVisualStudioVersion = 10.0.40219.1
Project("{8BC9CEB8-8B4A-11D0-8D11-00A0C91BC942}") = "EclipseEngine", "EclipseEngine\EclipseEngine.vcxproj", "{D4F94C1E-D350-4627-9B63-6FC15752B940}"
EndProject
Project("{2150E333-8FDC-42A3-9474-1A3956D46DE8}") = "Solution Items", "Solution Items", "{0BEEBCE4-39EC-44A9-B49B-9B6CEB718A9E}"
	ProjectSection(SolutionItems) = preProject
		..\vcpkg.json = ..\vcpkg.json
	EndProjectSection
EndProject
Project("{8BC9CEB8-8B4A-11D0-8D11-00A0C91BC942}") = "EclipseEditor", "EclipseEditor\EclipseEditor.vcxproj", "{03D65583-7A24-4A84-89BB-32B427F36F51}"
EndProject
Global
	GlobalSection(SolutionConfigurationPlatforms) = preSolution
		Debug|x64 = Debug|x64
		Release|x64 = Release|x64
	EndGlobalSection
	GlobalSection(ProjectConfigurationPlatforms) = postSolution
		{D4F94C1E-D350-4627-9B63-6FC15752B940}.Debug|x64.ActiveCfg = Debug|x64
		{D4F94C1E-D350-4627-9B63-6FC15752B940}.Debug|x64.Build.0 = Debug|x64
		{D4F94C1E-D350-4627-9B63-6FC15752B940}.Release|x64.ActiveCfg = Release|x64
		{D4F94C1E-D350-4627-9B63-6FC15752B940}.Release|x64.Build.0 = Release|x64
		{03D65583-7A24-4A84-89BB-32B427F36F51}.Debug|x64.ActiveCfg = Debug|x64
		{03D65583-7A24-4A84-89BB-32B427F36F51}.Debug|x64.Build.0 = Debug|x64
		{03D65583-7A24-4A84-89BB-32B427F36F51}.Release|x64.ActiveCfg = Release|x64
		{03D65583-7A24-4A84-89BB-32B427F36F51}.Release|x64.Build.0 = Release|x64
	EndGlobalSection
	GlobalSection(SolutionProperties) = preSolution
		HideSolutionNode = FALSE
	EndGlobalSection
	GlobalSection(ExtensibilityGlobals) = postSolution
		SolutionGuid = {80A519CC-7423-44E3-81E6-B76A3B0880E7}
	EndGlobalSection
EndGlobal
