<?xml version="1.0" encoding="utf-8"?>
<Project ToolsVersion="4.0" xmlns="http://schemas.microsoft.com/developer/msbuild/2003">
  <ItemGroup>
    <Filter Include="Source Files">
      <UniqueIdentifier>{4FC737F1-C7A5-4376-A066-2A32D752A2FF}</UniqueIdentifier>
      <Extensions>cpp;c;cc;cxx;c++;cppm;ixx;def;odl;idl;hpj;bat;asm;asmx</Extensions>
    </Filter>
    <Filter Include="Header Files">
      <UniqueIdentifier>{93995380-89BD-4b04-88EB-625FBE52EBFB}</UniqueIdentifier>
      <Extensions>h;hh;hpp;hxx;h++;hm;inl;inc;ipp;xsd</Extensions>
    </Filter>
    <Filter Include="Resource Files">
      <UniqueIdentifier>{67DA6AB6-F800-4c08-8B7A-83BB121AAD01}</UniqueIdentifier>
      <Extensions>rc;ico;cur;bmp;dlg;rc2;rct;bin;rgs;gif;jpg;jpeg;jpe;resx;tiff;tif;png;wav;mfcribbon-ms</Extensions>
    </Filter>
    <Filter Include="Resource Files\Shaders">
      <UniqueIdentifier>{f6fe2dc4-cc1a-4e18-b496-ada2e2ceda06}</UniqueIdentifier>
    </Filter>
  </ItemGroup>
  <ItemGroup>
    <ClCompile Include="main.cpp">
      <Filter>Source Files</Filter>
    </ClCompile>
    <ClCompile Include="PanelHandler.cpp">
      <Filter>Source Files</Filter>
    </ClCompile>
    <ClCompile Include="BasicPanel.cpp">
      <Filter>Source Files</Filter>
    </ClCompile>
    <ClCompile Include="MenuPanel.cpp">
      <Filter>Source Files</Filter>
    </ClCompile>
    <ClCompile Include="FPSpanel.cpp">
      <Filter>Source Files</Filter>
    </ClCompile>
    <ClCompile Include="ConsolePanel.cpp">
      <Filter>Source Files</Filter>
    </ClCompile>
    <ClCompile Include="HierarchyPanel.cpp">
      <Filter>Source Files</Filter>
    </ClCompile>
    <ClCompile Include="SettingsPanel.cpp">
      <Filter>Source Files</Filter>
    </ClCompile>
    <ClCompile Include="AssetsPanel.cpp">
      <Filter>Source Files</Filter>
    </ClCompile>
    <ClCompile Include="InspectorPanel.cpp">
      <Filter>Source Files</Filter>
    </ClCompile>
    <ClCompile Include="ViewportPanel.cpp">
      <Filter>Source Files</Filter>
    </ClCompile>
    <ClCompile Include="App.cpp">
      <Filter>Source Files</Filter>
    </ClCompile>
    <ClCompile Include="Grid.cpp">
      <Filter>Source Files</Filter>
    </ClCompile>
    <ClCompile Include="EditorRenderer.cpp">
      <Filter>Source Files</Filter>
    </ClCompile>
    <ClCompile Include="GamePanel.cpp">
      <Filter>Source Files</Filter>
    </ClCompile>
    <ClCompile Include="tinyfiledialogs.c">
      <Filter>Source Files</Filter>
    </ClCompile>
    <ClCompile Include="ResourceImporter.cpp">
      <Filter>Source Files</Filter>
    </ClCompile>
  </ItemGroup>
  <ItemGroup>
    <ClInclude Include="Panel.h">
      <Filter>Header Files</Filter>
    </ClInclude>
    <ClInclude Include="PanelHandler.h">
      <Filter>Header Files</Filter>
    </ClInclude>
    <ClInclude Include="BasicPanel.h">
      <Filter>Header Files</Filter>
    </ClInclude>
    <ClInclude Include="MenuPanel.h">
      <Filter>Header Files</Filter>
    </ClInclude>
    <ClInclude Include="FPSpanel.h">
      <Filter>Header Files</Filter>
    </ClInclude>
    <ClInclude Include="ConsolePanel.h">
      <Filter>Header Files</Filter>
    </ClInclude>
    <ClInclude Include="HierarchyPanel.h">
      <Filter>Header Files</Filter>
    </ClInclude>
    <ClInclude Include="SettingsPanel.h">
      <Filter>Header Files</Filter>
    </ClInclude>
    <ClInclude Include="AssetsPanel.h">
      <Filter>Header Files</Filter>
    </ClInclude>
    <ClInclude Include="InspectorPanel.h">
      <Filter>Header Files</Filter>
    </ClInclude>
    <ClInclude Include="ViewportPanel.h">
      <Filter>Header Files</Filter>
    </ClInclude>
    <ClInclude Include="App.h">
      <Filter>Header Files</Filter>
    </ClInclude>
    <ClInclude Include="Module.h">
      <Filter>Header Files</Filter>
    </ClInclude>
    <ClInclude Include="Grid.h">
      <Filter>Header Files</Filter>
    </ClInclude>
    <ClInclude Include="EditorRenderer.h">
      <Filter>Header Files</Filter>
    </ClInclude>
    <ClInclude Include="GamePanel.h">
      <Filter>Header Files</Filter>
    </ClInclude>
    <ClInclude Include="tinyfiledialogs.h">
      <Filter>Header Files</Filter>
    </ClInclude>
    <ClInclude Include="ResourceImporter.h">
      <Filter>Header Files</Filter>
    </ClInclude>
  </ItemGroup>
  <ItemGroup>
    <None Include="Shaders\outline.frag">
      <Filter>Resource Files\Shaders</Filter>
    </None>
    <None Include="Shaders\default.frag">
      <Filter>Resource Files\Shaders</Filter>
    </None>
    <None Include="Shaders\default.vert">
      <Filter>Resource Files\Shaders</Filter>
    </None>
    <None Include="Shaders\grid.frag">
      <Filter>Resource Files\Shaders</Filter>
    </None>
    <None Include="Shaders\grid.vert">
      <Filter>Resource Files\Shaders</Filter>
    </None>
    <None Include="Shaders\outline.vert">
      <Filter>Resource Files\Shaders</Filter>
    </None>
    <None Include="Shaders\position.frag">
      <Filter>Resource Files\Shaders</Filter>
    </None>
    <None Include="Shaders\position.vert">
      <Filter>Resource Files\Shaders</Filter>
    </None>
    <None Include="Shaders\normal.vert">
      <Filter>Resource Files\Shaders</Filter>
    </None>
    <None Include="Shaders\normal.frag">
      <Filter>Resource Files\Shaders</Filter>
    </None>
    <None Include="Shaders\depth.frag">
      <Filter>Resource Files\Shaders</Filter>
    </None>
    <None Include="Shaders\depth.vert">
      <Filter>Resource Files\Shaders</Filter>
    </None>
    <None Include="aabb.vert">
      <Filter>Resource Files\Shaders</Filter>
    </None>
    <None Include="aabb.frag">
      <Filter>Resource Files\Shaders</Filter>
    </None>
  </ItemGroup>
</Project>